
Microsoft Visual Studio Solution File, Format Version 11.00
# Visual Studio 2010
Project("{FAE04EC0-301F-11D3-BF4B-00C04F79EFBC}") = "munity", "Assembly-CSharp.csproj", "{2DF6BA8F-18DD-9B2C-D73B-D8FF588CD9A0}"
EndProject
Project("{FAE04EC0-301F-11D3-BF4B-00C04F79EFBC}") = "munity", "Assembly-CSharp-firstpass.csproj", "{7982EAA1-6174-B28D-ECF6-9D30976B7464}"
EndProject
Global
	GlobalSection(SolutionConfigurationPlatforms) = preSolution
		Debug|Any CPU = Debug|Any CPU
		Release|Any CPU = Release|Any CPU
	EndGlobalSection
	GlobalSection(ProjectConfigurationPlatforms) = postSolution
		{2DF6BA8F-18DD-9B2C-D73B-D8FF588CD9A0}.Debug|Any CPU.ActiveCfg = Debug|Any CPU
		{2DF6BA8F-18DD-9B2C-D73B-D8FF588CD9A0}.Debug|Any CPU.Build.0 = Debug|Any CPU
		{2DF6BA8F-18DD-9B2C-D73B-D8FF588CD9A0}.Release|Any CPU.ActiveCfg = Release|Any CPU
		{2DF6BA8F-18DD-9B2C-D73B-D8FF588CD9A0}.Release|Any CPU.Build.0 = Release|Any CPU
		{7982EAA1-6174-B28D-ECF6-9D30976B7464}.Debug|Any CPU.ActiveCfg = Debug|Any CPU
		{7982EAA1-6174-B28D-ECF6-9D30976B7464}.Debug|Any CPU.Build.0 = Debug|Any CPU
		{7982EAA1-6174-B28D-ECF6-9D30976B7464}.Release|Any CPU.ActiveCfg = Release|Any CPU
		{7982EAA1-6174-B28D-ECF6-9D30976B7464}.Release|Any CPU.Build.0 = Release|Any CPU
	EndGlobalSection
	GlobalSection(SolutionProperties) = preSolution
		HideSolutionNode = FALSE
	EndGlobalSection
	GlobalSection(MonoDevelopProperties) = preSolution
		StartupItem = Assembly-CSharp.csproj
	EndGlobalSection
EndGlobal
